# THIS IS AN AUTOGENERATED FILE. DO NOT EDIT THIS FILE DIRECTLY.
# yarn lockfile v1


"@types/dom-mediacapture-record@^1.0.2":
  version "1.0.4"
  resolved "https://registry.yarnpkg.com/@types/dom-mediacapture-record/-/dom-mediacapture-record-1.0.4.tgz#d3f89a4ba641b5333ca8c9f2244799cf973570a4"
  integrity sha512-3u6HCFY83HQ0Aqs5wq+bTSGRfSb4QAYERz+7nvm4sJf2h48NkJlGlLi082j3+xwC6ce3en9mRl3QUCH8mlLWmg==

"@types/node@^12.12.11":
  version "12.12.34"
  resolved "https://registry.yarnpkg.com/@types/node/-/node-12.12.34.tgz#0a5d6ae5d22612f0cf5f10320e1fc5d2a745dcb8"
  integrity sha512-BneGN0J9ke24lBRn44hVHNeDlrXRYF+VRp0HbSUNnEZahXGAysHZIqnf/hER6aabdBgzM4YOV4jrR8gj4Zfi0g==

"@types/prop-types@*":
  version "15.7.3"
  resolved "https://registry.yarnpkg.com/@types/prop-types/-/prop-types-15.7.3.tgz#2ab0d5da2e5815f94b0b9d4b95d1e5f243ab2ca7"
  integrity sha512-KfRL3PuHmqQLOG+2tGpRO26Ctg+Cq1E01D2DMriKEATHgWLfeNDmq9e29Q9WIky0dQ3NPkd1mzYH8Lm936Z9qw==

"@types/react@^16.9.11":
  version "16.9.30"
  resolved "https://registry.yarnpkg.com/@types/react/-/react-16.9.30.tgz#4750857769803c36afeb9ed30139bb77f9607223"
  integrity sha512-nx+ixghmJkzcDYhtqvmf/jPcBvyH87yfLM+dUDH2n8lE356t18p2flj3mzkT/VO0N1wh6RCjtmWGFI3r/KhCxw==
  dependencies:
    "@types/prop-types" "*"
    csstype "^2.2.0"

csstype@^2.2.0:
  version "2.6.10"
  resolved "https://registry.yarnpkg.com/csstype/-/csstype-2.6.10.tgz#e63af50e66d7c266edb6b32909cfd0aabe03928b"
  integrity sha512-D34BqZU4cIlMCY93rZHbrq9pjTAQJ3U8S8rfBqjwHxkGPThWFjzZDQpgMJY0QViLxth6ZKYiwFBo14RdN44U/w==

jsmin@^1.0.1:
  version "1.0.1"
  resolved "https://registry.yarnpkg.com/jsmin/-/jsmin-1.0.1.tgz#e7bd0dcd6496c3bf4863235bf461a3d98aa3b98c"
  integrity sha1-570NzWSWw79IYyNb9GGj2YqjuYw=

typescript@^3.7.2:
  version "3.8.3"
  resolved "https://registry.yarnpkg.com/typescript/-/typescript-3.8.3.tgz#409eb8544ea0335711205869ec458ab109ee1061"
  integrity sha512-MYlEfn5VrLNsgudQTVJeNaQFUAI7DkhnOjdpAp4T+ku1TfQClewlbSuTVHiA+8skNBgaf02TL/kLOvig4y3G8w==
